
Microsoft Visual Studio Solution File, Format Version 12.00
# Visual Studio Version 16
VisualStudioVersion = 16.0.31129.286
MinimumVisualStudioVersion = 10.0.40219.1
Project("{FAE04EC0-301F-11D3-BF4B-00C04F79EFBC}") = "MyGameProject", "MyGameProject\MyGameProject.csproj", "{B0F1EA8B-5F9E-415F-B00D-565C3A85775B}"
EndProject
Global
	GlobalSection(SolutionConfigurationPlatforms) = preSolution
		Debug|Any CPU = Debug|Any CPU
		Release|Any CPU = Release|Any CPU
	EndGlobalSection
	GlobalSection(ProjectConfigurationPlatforms) = postSolution
		{B0F1EA8B-5F9E-415F-B00D-565C3A85775B}.Debug|Any CPU.ActiveCfg = Debug|Any CPU
		{B0F1EA8B-5F9E-415F-B00D-565C3A85775B}.Debug|Any CPU.Build.0 = Debug|Any CPU
		{B0F1EA8B-5F9E-415F-B00D-565C3A85775B}.Release|Any CPU.ActiveCfg = Release|Any CPU
		{B0F1EA8B-5F9E-415F-B00D-565C3A85775B}.Release|Any CPU.Build.0 = Release|Any CPU
	EndGlobalSection
	GlobalSection(SolutionProperties) = preSolution
		HideSolutionNode = FALSE
	EndGlobalSection
	GlobalSection(ExtensibilityGlobals) = postSolution
		SolutionGuid = {54646B84-1EFD-41FE-B72F-07134B10389B}
	EndGlobalSection
EndGlobal
